{
    "requires": true,
    "lockfileVersion": 1,
    "dependencies": {
        "mdbootstrap": {
            "version": "4.10.1",
            "resolved": "https://registry.npmjs.org/mdbootstrap/-/mdbootstrap-4.10.1.tgz",
            "integrity": "sha512-BIm8rz+JtPB3NpmqWvXbhcVPR/GbXob7aT6zOHsy9JqgbYGZe7xXB70m1d4ShyrVTBsiSO73vucR1jYEHRSgPg=="
        }
    }
}
